
Microsoft Visual Studio Solution File, Format Version 12.00
# Visual Studio Version 16
VisualStudioVersion = 16.0.30717.126
MinimumVisualStudioVersion = 10.0.40219.1
Project("{FAE04EC0-301F-11D3-BF4B-00C04F79EFBC}") = "SoLienLacDienTu", "SoLienLacDienTu\SoLienLacDienTu.csproj", "{7EB040C8-5B59-47A5-A11C-CB41FBD4E4FE}"
EndProject
Global
	GlobalSection(SolutionConfigurationPlatforms) = preSolution
		Debug|Any CPU = Debug|Any CPU
		Release|Any CPU = Release|Any CPU
	EndGlobalSection
	GlobalSection(ProjectConfigurationPlatforms) = postSolution
		{7EB040C8-5B59-47A5-A11C-CB41FBD4E4FE}.Debug|Any CPU.ActiveCfg = Debug|Any CPU
		{7EB040C8-5B59-47A5-A11C-CB41FBD4E4FE}.Debug|Any CPU.Build.0 = Debug|Any CPU
		{7EB040C8-5B59-47A5-A11C-CB41FBD4E4FE}.Release|Any CPU.ActiveCfg = Release|Any CPU
		{7EB040C8-5B59-47A5-A11C-CB41FBD4E4FE}.Release|Any CPU.Build.0 = Release|Any CPU
	EndGlobalSection
	GlobalSection(SolutionProperties) = preSolution
		HideSolutionNode = FALSE
	EndGlobalSection
	GlobalSection(ExtensibilityGlobals) = postSolution
		SolutionGuid = {8F420BF6-AA08-4B27-B804-3BE25C7EEF77}
	EndGlobalSection
EndGlobal
